
Microsoft Visual Studio Solution File, Format Version 12.00
# Visual Studio Version 17
VisualStudioVersion = 17.0.32112.339
MinimumVisualStudioVersion = 10.0.40219.1
Project("{8BC9CEB8-8B4A-11D0-8D11-00A0C91BC942}") = "Win324UEFI", "Win324UEFI.vcxproj", "{223B3668-E022-4DA7-A33D-C9168D1357A3}"
EndProject
Global
	GlobalSection(SolutionConfigurationPlatforms) = preSolution
		UEFIShell|x64 = UEFIShell|x64
	EndGlobalSection
	GlobalSection(ProjectConfigurationPlatforms) = postSolution
		{223B3668-E022-4DA7-A33D-C9168D1357A3}.UEFIShell|x64.ActiveCfg = UEFIShell|x64
		{223B3668-E022-4DA7-A33D-C9168D1357A3}.UEFIShell|x64.Build.0 = UEFIShell|x64
	EndGlobalSection
	GlobalSection(SolutionProperties) = preSolution
		HideSolutionNode = FALSE
	EndGlobalSection
	GlobalSection(ExtensibilityGlobals) = postSolution
		SolutionGuid = {0DB011B2-A1C7-4108-99DE-5562C10F4888}
	EndGlobalSection
EndGlobal
